
Microsoft Visual Studio Solution File, Format Version 12.00
# Visual Studio Version 16
VisualStudioVersion = 16.0.30907.101
MinimumVisualStudioVersion = 10.0.40219.1
Project("{FAE04EC0-301F-11D3-BF4B-00C04F79EFBC}") = "src", "src\src.csproj", "{E10CE0CC-F44C-4790-9D85-2DED20E861A9}"
EndProject
Global
	GlobalSection(SolutionConfigurationPlatforms) = preSolution
		Debug|Any CPU = Debug|Any CPU
		Release|Any CPU = Release|Any CPU
	EndGlobalSection
	GlobalSection(ProjectConfigurationPlatforms) = postSolution
		{E10CE0CC-F44C-4790-9D85-2DED20E861A9}.Debug|Any CPU.ActiveCfg = Debug|Any CPU
		{E10CE0CC-F44C-4790-9D85-2DED20E861A9}.Debug|Any CPU.Build.0 = Debug|Any CPU
		{E10CE0CC-F44C-4790-9D85-2DED20E861A9}.Release|Any CPU.ActiveCfg = Release|Any CPU
		{E10CE0CC-F44C-4790-9D85-2DED20E861A9}.Release|Any CPU.Build.0 = Release|Any CPU
	EndGlobalSection
	GlobalSection(SolutionProperties) = preSolution
		HideSolutionNode = FALSE
	EndGlobalSection
	GlobalSection(ExtensibilityGlobals) = postSolution
		SolutionGuid = {28D0735C-778C-490E-9EC9-76D55FE3AF5C}
	EndGlobalSection
EndGlobal
